// !$*UTF8*$!
{
	archiveVersion = 1;
	classes = {
	};
	objectVersion = 46;
	objects = {

/* Begin PBXBuildFile section */
		59A0FFCC1B5920F70093D7CA /* linkedlist.cpp in Sources */ = {isa = PBXBuildFile; fileRef = 59A0FFCA1B5920F70093D7CA /* linkedlist.cpp */; };
/* End PBXBuildFile section */

/* Begin PBXCopyFilesBuildPhase section */
		59A0FFBE1B5920E90093D7CA /* CopyFiles */ = {
			isa = PBXCopyFilesBuildPhase;
			buildActionMask = 2147483647;
			dstPath = /usr/share/man/man1/;
			dstSubfolderSpec = 0;
			files = (
			);
			runOnlyForDeploymentPostprocessing = 1;
		};
/* End PBXCopyFilesBuildPhase section */

/* Begin PBXFileReference section */
		59A0FFC01B5920E90093D7CA /* Linked Lists */ = {isa = PBXFileReference; explicitFileType = "compiled.mach-o.executable"; includeInIndex = 0; path = "Linked Lists"; sourceTree = BUILT_PRODUCTS_DIR; };
		59A0FFCA1B5920F70093D7CA /* linkedlist.cpp */ = {isa = PBXFileReference; fileEncoding = 4; lastKnownFileType = sourcecode.cpp.cpp; path = linkedlist.cpp; sourceTree = "<group>"; };
		59A0FFCB1B5920F70093D7CA /* linkedlist.h */ = {isa = PBXFileReference; fileEncoding = 4; lastKnownFileType = sourcecode.c.h; path = linkedlist.h; sourceTree = "<group>"; };
/* End PBXFileReference section */

/* Begin PBXFrameworksBuildPhase section */
		59A0FFBD1B5920E90093D7CA /* Frameworks */ = {
			isa = PBXFrameworksBuildPhase;
			buildActionMask = 2147483647;
			files = (
			);
			runOnlyForDeploymentPostprocessing = 0;
		};
/* End PBXFrameworksBuildPhase section */

/* Begin PBXGroup section */
		59A0FFB71B5920E90093D7CA = {
			isa = PBXGroup;
			children = (
				59A0FFC21B5920E90093D7CA /* Linked Lists */,
				59A0FFC11B5920E90093D7CA /* Products */,
			);
			sourceTree = "<group>";
		};
		59A0FFC11B5920E90093D7CA /* Products */ = {
			isa = PBXGroup;
			children = (
				59A0FFC01B5920E90093D7CA /* Linked Lists */,
			);
			name = Products;
			sourceTree = "<group>";
		};
		59A0FFC21B5920E90093D7CA /* Linked Lists */ = {
			isa = PBXGroup;
			children = (
				59A0FFCA1B5920F70093D7CA /* linkedlist.cpp */,
				59A0FFCB1B5920F70093D7CA /* linkedlist.h */,
			);
			path = "Linked Lists";
			sourceTree = "<group>";
		};
/* End PBXGroup section */

/* Begin PBXNativeTarget section */
		59A0FFBF1B5920E90093D7CA /* Linked Lists */ = {
			isa = PBXNativeTarget;
			buildConfigurationList = 59A0FFC71B5920E90093D7CA /* Build configuration list for PBXNativeTarget "Linked Lists" */;
			buildPhases = (
				59A0FFBC1B5920E90093D7CA /* Sources */,
				59A0FFBD1B5920E90093D7CA /* Frameworks */,
				59A0FFBE1B5920E90093D7CA /* CopyFiles */,
			);
			buildRules = (
			);
			dependencies = (
			);
			name = "Linked Lists";
			productName = "Linked Lists";
			productReference = 59A0FFC01B5920E90093D7CA /* Linked Lists */;
			productType = "com.apple.product-type.tool";
		};
/* End PBXNativeTarget section */

/* Begin PBXProject section */
		59A0FFB81B5920E90093D7CA /* Project object */ = {
			isa = PBXProject;
			attributes = {
				LastUpgradeCheck = 0700;
				ORGANIZATIONNAME = "Nithin Nara";
				TargetAttributes = {
					59A0FFBF1B5920E90093D7CA = {
						CreatedOnToolsVersion = 7.0;
					};
				};
			};
			buildConfigurationList = 59A0FFBB1B5920E90093D7CA /* Build configuration list for PBXProject "Linked Lists" */;
			compatibilityVersion = "Xcode 3.2";
			developmentRegion = English;
			hasScannedForEncodings = 0;
			knownRegions = (
				en,
			);
			mainGroup = 59A0FFB71B5920E90093D7CA;
			productRefGroup = 59A0FFC11B5920E90093D7CA /* Products */;
			projectDirPath = "";
			projectRoot = "";
			targets = (
				59A0FFBF1B5920E90093D7CA /* Linked Lists */,
			);
		};
/* End PBXProject section */

/* Begin PBXSourcesBuildPhase section */
		59A0FFBC1B5920E90093D7CA /* Sources */ = {
			isa = PBXSourcesBuildPhase;
			buildActionMask = 2147483647;
			files = (
				59A0FFCC1B5920F70093D7CA /* linkedlist.cpp in Sources */,
			);
			runOnlyForDeploymentPostprocessing = 0;
		};
/* End PBXSourcesBuildPhase section */

/* Begin XCBuildConfiguration section */
		59A0FFC51B5920E90093D7CA /* Debug */ = {
			isa = XCBuildConfiguration;
			buildSettings = {
				ALWAYS_SEARCH_USER_PATHS = NO;
				CLANG_CXX_LANGUAGE_STANDARD = "gnu++0x";
				CLANG_CXX_LIBRARY = "libc++";
				CLANG_ENABLE_MODULES = YES;
				CLANG_ENABLE_OBJC_ARC = YES;
				CLANG_WARN_BOOL_CONVERSION = YES;
				CLANG_WARN_CONSTANT_CONVERSION = YES;
				CLANG_WARN_DIRECT_OBJC_ISA_USAGE = YES_ERROR;
				CLANG_WARN_EMPTY_BODY = YES;
				CLANG_WARN_ENUM_CONVERSION = YES;
				CLANG_WARN_INT_CONVERSION = YES;
				CLANG_WARN_OBJC_ROOT_CLASS = YES_ERROR;
				CLANG_WARN_UNREACHABLE_CODE = YES;
				CLANG_WARN__DUPLICATE_METHOD_MATCH = YES;
				COPY_PHASE_STRIP = NO;
				DEBUG_INFORMATION_FORMAT = dwarf;
				ENABLE_STRICT_OBJC_MSGSEND = YES;
				ENABLE_TESTABILITY = YES;
				GCC_C_LANGUAGE_STANDARD = gnu99;
				GCC_DYNAMIC_NO_PIC = NO;
				GCC_NO_COMMON_BLOCKS = YES;
				GCC_OPTIMIZATION_LEVEL = 0;
				GCC_PREPROCESSOR_DEFINITIONS = (
					"DEBUG=1",
					"$(inherited)",
				);
				GCC_WARN_64_TO_32_BIT_CONVERSION = YES;
				GCC_WARN_ABOUT_RETURN_TYPE = YES_ERROR;
				GCC_WARN_UNDECLARED_SELECTOR = YES;
				GCC_WARN_UNINITIALIZED_AUTOS = YES_AGGRESSIVE;
				GCC_WARN_UNUSED_FUNCTION = YES;
				GCC_WARN_UNUSED_VARIABLE = YES;
				MACOSX_DEPLOYMENT_TARGET = 10.10;
				MTL_ENABLE_DEBUG_INFO = YES;
				ONLY_ACTIVE_ARCH = YES;
				SDKROOT = macosx;
			};
			name = Debug;
		};
		59A0FFC61B5920E90093D7CA /* Release */ = {
			isa = XCBuildConfiguration;
			buildSettings = {
				ALWAYS_SEARCH_USER_PATHS = NO;
				CLANG_CXX_LANGUAGE_STANDARD = "gnu++0x";
				CLANG_CXX_LIBRARY = "libc++";
				CLANG_ENABLE_MODULES = YES;
				CLANG_ENABLE_OBJC_ARC = YES;
				CLANG_WARN_BOOL_CONVERSION = YES;
				CLANG_WARN_CONSTANT_CONVERSION = YES;
				CLANG_WARN_DIRECT_OBJC_ISA_USAGE = YES_ERROR;
				CLANG_WARN_EMPTY_BODY = YES;
				CLANG_WARN_ENUM_CONVERSION = YES;
				CLANG_WARN_INT_CONVERSION = YES;
				CLANG_WARN_OBJC_ROOT_CLASS = YES_ERROR;
				CLANG_WARN_UNREACHABLE_CODE = YES;
				CLANG_WARN__DUPLICATE_METHOD_MATCH = YES;
				COPY_PHASE_STRIP = NO;
				DEBUG_INFORMATION_FORMAT = "dwarf-with-dsym";
				ENABLE_NS_ASSERTIONS = NO;
				ENABLE_STRICT_OBJC_MSGSEND = YES;
				GCC_C_LANGUAGE_STANDARD = gnu99;
				GCC_NO_COMMON_BLOCKS = YES;
				GCC_WARN_64_TO_32_BIT_CONVERSION = YES;
				GCC_WARN_ABOUT_RETURN_TYPE = YES_ERROR;
				GCC_WARN_UNDECLARED_SELECTOR = YES;
				GCC_WARN_UNINITIALIZED_AUTOS = YES_AGGRESSIVE;
				GCC_WARN_UNUSED_FUNCTION = YES;
				GCC_WARN_UNUSED_VARIABLE = YES;
				MACOSX_DEPLOYMENT_TARGET = 10.10;
				MTL_ENABLE_DEBUG_INFO = NO;
				SDKROOT = macosx;
			};
			name = Release;
		};
		59A0FFC81B5920E90093D7CA /* Debug */ = {
			isa = XCBuildConfiguration;
			buildSettings = {
				PRODUCT_NAME = "$(TARGET_NAME)";
			};
			name = Debug;
		};
		59A0FFC91B5920E90093D7CA /* Release */ = {
			isa = XCBuildConfiguration;
			buildSettings = {
				PRODUCT_NAME = "$(TARGET_NAME)";
			};
			name = Release;
		};
/* End XCBuildConfiguration section */

/* Begin XCConfigurationList section */
		59A0FFBB1B5920E90093D7CA /* Build configuration list for PBXProject "Linked Lists" */ = {
			isa = XCConfigurationList;
			buildConfigurations = (
				59A0FFC51B5920E90093D7CA /* Debug */,
				59A0FFC61B5920E90093D7CA /* Release */,
			);
			defaultConfigurationIsVisible = 0;
			defaultConfigurationName = Release;
		};
		59A0FFC71B5920E90093D7CA /* Build configuration list for PBXNativeTarget "Linked Lists" */ = {
			isa = XCConfigurationList;
			buildConfigurations = (
				59A0FFC81B5920E90093D7CA /* Debug */,
				59A0FFC91B5920E90093D7CA /* Release */,
			);
			defaultConfigurationIsVisible = 0;
		};
/* End XCConfigurationList section */
	};
	rootObject = 59A0FFB81B5920E90093D7CA /* Project object */;
}
